github.com/andrew-d/go-termutil v0.0.0-20150726205930-009166a695a2 h1:axBiC50cNZOs7ygH5BgQp4N+aYrZ2DNpWZ1KG3VOSOM=
github.com/andrew-d/go-termutil v0.0.0-20150726205930-009166a695a2/go.mod h1:jnzFpU88PccN/tPPhCpnNU8mZphvKxYM9lLNkd8e+os=
github.com/armon/go-socks5 v0.0.0-20160902184237-e75332964ef5 h1:0CwZNZbxp69SHPdPJAN/hZIm0C4OItdklCFmMRWYpio=
github.com/armon/go-socks5 v0.0.0-20160902184237-e75332964ef5/go.mod h1:wHh0iHkYZB8zMSxRWpUBQtwG5a7fFgvEO+odwuTv2gs=
github.com/fsnotify/fsnotify v1.7.0 h1:J+28MF8a6TWAJE7wIt1V2T3iIARw1c7yYNeJ/3Qk2fA=
github.com/fsnotify/fsnotify v1.7.0/go.mod h1:Ah4x1J4P1w34D3pkpAEe5dqI8d80f8j8nQ3xprI74sA=
github.com/gorilla/websocket v1.5.1 h1:g3vVxf1iQ2gD657Tq5td2qQf/c0gIsMAEW0r5J2i0Cg=
github.com/gorilla/websocket v1.5.1/go.mod h1:rGDRS5/S06rQkP7yqysj0L8KAlj7A2t6iN4fGv6aWyI=
github.com/jpillora/ansi v1.0.3 h1:nn4Jzti0EmRfDxm7JtEs5LzCbNwd5sv+0aE+LdS9/ZQ=
github.com/jpillora/ansi v1.0.3/go.mod h1:D2tT+6uzJvN1nBVQILYWkIdq7zG+b5gcFN5WI/VyjMY=
github.com/jpillora/backoff v1.0.0 h1:uvFg412JmmHBHw7iwprIxkPMI+sGQ4kzOWsMeHnm2EA=
github.com/jpillora/backoff v1.0.0/go.mod h1:J/6gKK9jxlEcS3zixgDgUAsiuZ7yrSoa/FX5e0EB2j4=
github.com/jpillora/requestlog v1.0.0 h1:bg++eJ74T7DYL3DlIpiwknrtfdUA9oP/M4fL+PpqnyA=
github.com/jpillora/requestlog v1.0.0/go.mod h1:HTWQb7QfDc2jtHnWe2XEIEeJB7gJPnVdpNn52HXPvy8=
github.com/jpillora/sizestr v1.0.0 h1:4tr0FLxs1Mtq3TnsLDV+GYUWG7Q26a6s+tV5Zfw2ygw=
github.com/jpillora/sizestr v1.0.0/go.mod h1:bUhLv4ctkknatr6gR42qPxirmd5+ds1u7mzD+MZ33f0=
github.com/tomasen/realip v0.0.0-20180522021738-f0c99a92ddce h1:fb190+cK2Xz/dvi9Hv8eCYJYvIGUTN2/KLq1pT6CjEc=
github.com/tomasen/realip v0.0.0-20180522021738-f0c99a92ddce/go.mod h1:o8v6yHRoik09Xen7gje4m9ERNah1d1PPsVq1VEx9vE4=
golang.org/x/crypto v0.25.0 h1:0AALyHpeJ6hY0T9sIYn2q0sP/fA1DEQG/4uXJqg+4OQ=
golang.org/x/crypto v0.25.0/go.mod h1:sS8G82L3eVR8sHidyvI+g+5cTPOhQz3w5sJ2J3g601I=
golang.org/x/net v0.27.0 h1:Pz6Vp50eC1i+IigTfsfyTfDpsbBKYkHQ7g5rKqZe4+s=
golang.org/x/net v0.27.0/go.mod h1:4N/aIwi19I3a2zC/yG7Cac4rQy+xIq6c+26EuKVh3Ek=
golang.org/x/sync v0.7.0 h1:0V07veCx+E8D2hZkRT1202f5WfGZNCrW23v2Hn7aNlA=
golang.org/x/sync v0.7.0/go.mod h1:O5kAixd0q69d1n8vG8ddKkS2PPAwB8Nf/HD7+MFQc2s=
golang.org/x/sys v0.22.0 h1:JdqKq7x2k/5/Ei+L5GsyDxJFDVlyiL+zYtC4bBfG9pM=
golang.org/x/sys v0.22.0/go.mod h1:oPkhp1MJrh7nUepCBck5+mAzfO9JrbApNNgaTdGDITg=
golang.org/x/term v0.22.0 h1:O+lq+1i90/VvSHoTz2sXRi2v1+m10X3uUqU/yC4wzYg=
golang.org/x/term v0.22.0/go.mod h1:YhHl/QWfesQ+yP/m23v7xPj0s8I2RGNd233e6F6Rj+4=
golang.org/x/text v0.16.0 h1:y1g2P9W4Pddc/574eYLPtS2aXgH5A9T8a0XhQDJ5/nA=
golang.org/x/text v0.16.0/go.mod h1:u+JDCR0gA/I/eIvoyzW3oQjUa6Q7lqfdy0FATL/vVzA=
